{
  "version": 1,
  "dependencies": {
    "net10.0": {
      "Tmds.DBus.Protocol": {
        "type": "Direct",
        "requested": "[0.94.1, )",
        "resolved": "0.94.1",
        "contentHash": "11YMr7FnAbL83bQmVxlhbIKHvSLxjO81D12Ej0QMSGXMDTxNA9MTOa4MQxx43nv5el/efuPHwzyrj6a5ha2gug=="
      }
    }
  }
}